// !$*UTF8*$!
{
	archiveVersion = 1;
	classes = {
	};
	objectVersion = 77;
	objects = {

/* Begin PBXBuildFile section */
		A62177842F86F3ED00E6D75A /* WidgetKit.framework in Frameworks */ = {isa = PBXBuildFile; fileRef = A62177832F86F3ED00E6D75A /* WidgetKit.framework */; };
		A62177862F86F3ED00E6D75A /* SwiftUI.framework in Frameworks */ = {isa = PBXBuildFile; fileRef = A62177852F86F3ED00E6D75A /* SwiftUI.framework */; };
		A62177952F86F3F000E6D75A /* AltSideWidgetExtension.appex in Embed Foundation Extensions */ = {isa = PBXBuildFile; fileRef = A62177812F86F3ED00E6D75A /* AltSideWidgetExtension.appex */; settings = {ATTRIBUTES = (RemoveHeadersOnCopy, ); }; };
		A62177A22F86F7F600E6D75A /* ActivityKit.framework in Frameworks */ = {isa = PBXBuildFile; fileRef = A62177A12F86F7F600E6D75A /* ActivityKit.framework */; };
		A63BD7BD2F86FC0B00B7AA3A /* WidgetKit.framework in Frameworks */ = {isa = PBXBuildFile; fileRef = A62177832F86F3ED00E6D75A /* WidgetKit.framework */; };
/* End PBXBuildFile section */

/* Begin PBXContainerItemProxy section */
		A62177932F86F3EF00E6D75A /* PBXContainerItemProxy */ = {
			isa = PBXContainerItemProxy;
			containerPortal = A6625A982F7AC23C0027C505 /* Project object */;
			proxyType = 1;
			remoteGlobalIDString = A62177802F86F3ED00E6D75A;
			remoteInfo = AltSideWidgetExtension;
		};
/* End PBXContainerItemProxy section */

/* Begin PBXCopyFilesBuildPhase section */
		A621779A2F86F3F000E6D75A /* Embed Foundation Extensions */ = {
			isa = PBXCopyFilesBuildPhase;
			buildActionMask = 2147483647;
			dstPath = "";
			dstSubfolderSpec = 13;
			files = (
				A62177952F86F3F000E6D75A /* AltSideWidgetExtension.appex in Embed Foundation Extensions */,
			);
			name = "Embed Foundation Extensions";
			runOnlyForDeploymentPostprocessing = 0;
		};
/* End PBXCopyFilesBuildPhase section */

/* Begin PBXFileReference section */
		A62177812F86F3ED00E6D75A /* AltSideWidgetExtension.appex */ = {isa = PBXFileReference; explicitFileType = "wrapper.app-extension"; includeInIndex = 0; path = AltSideWidgetExtension.appex; sourceTree = BUILT_PRODUCTS_DIR; };
		A62177832F86F3ED00E6D75A /* WidgetKit.framework */ = {isa = PBXFileReference; lastKnownFileType = wrapper.framework; name = WidgetKit.framework; path = System/Library/Frameworks/WidgetKit.framework; sourceTree = SDKROOT; };
		A62177852F86F3ED00E6D75A /* SwiftUI.framework */ = {isa = PBXFileReference; lastKnownFileType = wrapper.framework; name = SwiftUI.framework; path = System/Library/Frameworks/SwiftUI.framework; sourceTree = SDKROOT; };
		A62177A12F86F7F600E6D75A /* ActivityKit.framework */ = {isa = PBXFileReference; lastKnownFileType = wrapper.framework; name = ActivityKit.framework; path = System/Library/Frameworks/ActivityKit.framework; sourceTree = SDKROOT; };
		A63BD7BB2F86FB1E00B7AA3A /* AltSideWidgetExtension.entitlements */ = {isa = PBXFileReference; lastKnownFileType = text.plist.entitlements; path = AltSideWidgetExtension.entitlements; sourceTree = "<group>"; };
		A6625AA12F7AC23C0027C505 /* AltSide.app */ = {isa = PBXFileReference; explicitFileType = wrapper.application; includeInIndex = 0; path = AltSide.app; sourceTree = BUILT_PRODUCTS_DIR; };
/* End PBXFileReference section */

/* Begin PBXFileSystemSynchronizedBuildFileExceptionSet section */
		A62177962F86F3F000E6D75A /* Exceptions for "AltSideWidget" folder in "AltSideWidgetExtension" target */ = {
			isa = PBXFileSystemSynchronizedBuildFileExceptionSet;
			membershipExceptions = (
				Info.plist,
			);
			target = A62177802F86F3ED00E6D75A /* AltSideWidgetExtension */;
		};
		A621779E2F86F47700E6D75A /* Exceptions for "AltSide" folder in "AltSideWidgetExtension" target */ = {
			isa = PBXFileSystemSynchronizedBuildFileExceptionSet;
			membershipExceptions = (
				Models/ParkingActivityAttributes.swift,
				Models/ParkingWidgetData.swift,
				Utilities/ASPSuspensionCalendar.swift,
			);
			target = A62177802F86F3ED00E6D75A /* AltSideWidgetExtension */;
		};
/* End PBXFileSystemSynchronizedBuildFileExceptionSet section */

/* Begin PBXFileSystemSynchronizedRootGroup section */
		A62177872F86F3ED00E6D75A /* AltSideWidget */ = {
			isa = PBXFileSystemSynchronizedRootGroup;
			exceptions = (
				A62177962F86F3F000E6D75A /* Exceptions for "AltSideWidget" folder in "AltSideWidgetExtension" target */,
			);
			path = AltSideWidget;
			sourceTree = "<group>";
		};
		A6625AA32F7AC23C0027C505 /* AltSide */ = {
			isa = PBXFileSystemSynchronizedRootGroup;
			exceptions = (
				A621779E2F86F47700E6D75A /* Exceptions for "AltSide" folder in "AltSideWidgetExtension" target */,
			);
			path = AltSide;
			sourceTree = "<group>";
		};
/* End PBXFileSystemSynchronizedRootGroup section */

/* Begin PBXFrameworksBuildPhase section */
		A621777E2F86F3ED00E6D75A /* Frameworks */ = {
			isa = PBXFrameworksBuildPhase;
			buildActionMask = 2147483647;
			files = (
				A62177A22F86F7F600E6D75A /* ActivityKit.framework in Frameworks */,
				A62177862F86F3ED00E6D75A /* SwiftUI.framework in Frameworks */,
				A62177842F86F3ED00E6D75A /* WidgetKit.framework in Frameworks */,
			);
			runOnlyForDeploymentPostprocessing = 0;
		};
		A6625A9E2F7AC23C0027C505 /* Frameworks */ = {
			isa = PBXFrameworksBuildPhase;
			buildActionMask = 2147483647;
			files = (
				A63BD7BD2F86FC0B00B7AA3A /* WidgetKit.framework in Frameworks */,
			);
			runOnlyForDeploymentPostprocessing = 0;
		};
/* End PBXFrameworksBuildPhase section */

/* Begin PBXGroup section */
		A62177822F86F3ED00E6D75A /* Frameworks */ = {
			isa = PBXGroup;
			children = (
				A62177A12F86F7F600E6D75A /* ActivityKit.framework */,
				A62177832F86F3ED00E6D75A /* WidgetKit.framework */,
				A62177852F86F3ED00E6D75A /* SwiftUI.framework */,
			);
			name = Frameworks;
			sourceTree = "<group>";
		};
		A6625A972F7AC23C0027C505 = {
			isa = PBXGroup;
			children = (
				A63BD7BB2F86FB1E00B7AA3A /* AltSideWidgetExtension.entitlements */,
				A6625AA32F7AC23C0027C505 /* AltSide */,
				A62177872F86F3ED00E6D75A /* AltSideWidget */,
				A62177822F86F3ED00E6D75A /* Frameworks */,
				A6625AA22F7AC23C0027C505 /* Products */,
			);
			sourceTree = "<group>";
		};
		A6625AA22F7AC23C0027C505 /* Products */ = {
			isa = PBXGroup;
			children = (
				A6625AA12F7AC23C0027C505 /* AltSide.app */,
				A62177812F86F3ED00E6D75A /* AltSideWidgetExtension.appex */,
			);
			name = Products;
			sourceTree = "<group>";
		};
/* End PBXGroup section */

/* Begin PBXNativeTarget section */
		A62177802F86F3ED00E6D75A /* AltSideWidgetExtension */ = {
			isa = PBXNativeTarget;
			buildConfigurationList = A62177972F86F3F000E6D75A /* Build configuration list for PBXNativeTarget "AltSideWidgetExtension" */;
			buildPhases = (
				A621777D2F86F3ED00E6D75A /* Sources */,
				A621777E2F86F3ED00E6D75A /* Frameworks */,
				A621777F2F86F3ED00E6D75A /* Resources */,
			);
			buildRules = (
			);
			dependencies = (
			);
			fileSystemSynchronizedGroups = (
				A62177872F86F3ED00E6D75A /* AltSideWidget */,
			);
			name = AltSideWidgetExtension;
			packageProductDependencies = (
			);
			productName = AltSideWidgetExtension;
			productReference = A62177812F86F3ED00E6D75A /* AltSideWidgetExtension.appex */;
			productType = "com.apple.product-type.app-extension";
		};
		A6625AA02F7AC23C0027C505 /* AltSide */ = {
			isa = PBXNativeTarget;
			buildConfigurationList = A6625AB52F7AC23C0027C505 /* Build configuration list for PBXNativeTarget "AltSide" */;
			buildPhases = (
				A6625A9D2F7AC23C0027C505 /* Sources */,
				A6625A9E2F7AC23C0027C505 /* Frameworks */,
				A6625A9F2F7AC23C0027C505 /* Resources */,
				A621779A2F86F3F000E6D75A /* Embed Foundation Extensions */,
			);
			buildRules = (
			);
			dependencies = (
				A62177942F86F3EF00E6D75A /* PBXTargetDependency */,
			);
			fileSystemSynchronizedGroups = (
				A6625AA32F7AC23C0027C505 /* AltSide */,
			);
			name = AltSide;
			packageProductDependencies = (
			);
			productName = AltSide;
			productReference = A6625AA12F7AC23C0027C505 /* AltSide.app */;
			productType = "com.apple.product-type.application";
		};
/* End PBXNativeTarget section */

/* Begin PBXProject section */
		A6625A982F7AC23C0027C505 /* Project object */ = {
			isa = PBXProject;
			attributes = {
				BuildIndependentTargetsInParallel = 1;
				LastSwiftUpdateCheck = 2640;
				LastUpgradeCheck = 2640;
				TargetAttributes = {
					A62177802F86F3ED00E6D75A = {
						CreatedOnToolsVersion = 26.4;
					};
					A6625AA02F7AC23C0027C505 = {
						CreatedOnToolsVersion = 26.4;
					};
				};
			};
			buildConfigurationList = A6625A9B2F7AC23C0027C505 /* Build configuration list for PBXProject "AltSide" */;
			developmentRegion = en;
			hasScannedForEncodings = 0;
			knownRegions = (
				en,
				Base,
			);
			mainGroup = A6625A972F7AC23C0027C505;
			minimizedProjectReferenceProxies = 1;
			preferredProjectObjectVersion = 77;
			productRefGroup = A6625AA22F7AC23C0027C505 /* Products */;
			projectDirPath = "";
			projectRoot = "";
			targets = (
				A6625AA02F7AC23C0027C505 /* AltSide */,
				A62177802F86F3ED00E6D75A /* AltSideWidgetExtension */,
			);
		};
/* End PBXProject section */

/* Begin PBXResourcesBuildPhase section */
		A621777F2F86F3ED00E6D75A /* Resources */ = {
			isa = PBXResourcesBuildPhase;
			buildActionMask = 2147483647;
			files = (
			);
			runOnlyForDeploymentPostprocessing = 0;
		};
		A6625A9F2F7AC23C0027C505 /* Resources */ = {
			isa = PBXResourcesBuildPhase;
			buildActionMask = 2147483647;
			files = (
			);
			runOnlyForDeploymentPostprocessing = 0;
		};
/* End PBXResourcesBuildPhase section */

/* Begin PBXSourcesBuildPhase section */
		A621777D2F86F3ED00E6D75A /* Sources */ = {
			isa = PBXSourcesBuildPhase;
			buildActionMask = 2147483647;
			files = (
			);
			runOnlyForDeploymentPostprocessing = 0;
		};
		A6625A9D2F7AC23C0027C505 /* Sources */ = {
			isa = PBXSourcesBuildPhase;
			buildActionMask = 2147483647;
			files = (
			);
			runOnlyForDeploymentPostprocessing = 0;
		};
/* End PBXSourcesBuildPhase section */

/* Begin PBXTargetDependency section */
		A62177942F86F3EF00E6D75A /* PBXTargetDependency */ = {
			isa = PBXTargetDependency;
			target = A62177802F86F3ED00E6D75A /* AltSideWidgetExtension */;
			targetProxy = A62177932F86F3EF00E6D75A /* PBXContainerItemProxy */;
		};
/* End PBXTargetDependency section */

/* Begin XCBuildConfiguration section */
		A62177982F86F3F000E6D75A /* Debug */ = {
			isa = XCBuildConfiguration;
			buildSettings = {
				ASSETCATALOG_COMPILER_GLOBAL_ACCENT_COLOR_NAME = AccentColor;
				ASSETCATALOG_COMPILER_WIDGET_BACKGROUND_COLOR_NAME = WidgetBackground;
				CODE_SIGN_ALLOW_ENTITLEMENTS_MODIFICATION = YES;
				CODE_SIGN_ENTITLEMENTS = AltSideWidgetExtension.entitlements;
				CODE_SIGN_IDENTITY = "Apple Development";
				CODE_SIGN_STYLE = Automatic;
				CURRENT_PROJECT_VERSION = 1;
				DEVELOPMENT_TEAM = 37AKZN7WU7;
				GENERATE_INFOPLIST_FILE = YES;
				INFOPLIST_FILE = AltSideWidget/Info.plist;
				INFOPLIST_KEY_CFBundleDisplayName = AltSideWidget;
				INFOPLIST_KEY_NSHumanReadableCopyright = "";
				LD_RUNPATH_SEARCH_PATHS = (
					"$(inherited)",
					"@executable_path/Frameworks",
					"@executable_path/../../Frameworks",
				);
				MARKETING_VERSION = 1.0;
				PRODUCT_BUNDLE_IDENTIFIER = LaidOffDad.AltSide.AltSideWidget;
				PRODUCT_NAME = "$(TARGET_NAME)";
				PROVISIONING_PROFILE_SPECIFIER = "";
				SKIP_INSTALL = YES;
				STRING_CATALOG_GENERATE_SYMBOLS = YES;
				SWIFT_APPROACHABLE_CONCURRENCY = YES;
				SWIFT_EMIT_LOC_STRINGS = YES;
				SWIFT_UPCOMING_FEATURE_MEMBER_IMPORT_VISIBILITY = YES;
				SWIFT_VERSION = 5.0;
				TARGETED_DEVICE_FAMILY = 1;
			};
			name = Debug;
		};
		A62177992F86F3F000E6D75A /* Release */ = {
			isa = XCBuildConfiguration;
			buildSettings = {
				ASSETCATALOG_COMPILER_GLOBAL_ACCENT_COLOR_NAME = AccentColor;
				ASSETCATALOG_COMPILER_WIDGET_BACKGROUND_COLOR_NAME = WidgetBackground;
				CODE_SIGN_ALLOW_ENTITLEMENTS_MODIFICATION = YES;
				CODE_SIGN_ENTITLEMENTS = AltSideWidgetExtension.entitlements;
				CODE_SIGN_IDENTITY = "Apple Development";
				CODE_SIGN_STYLE = Automatic;
				CURRENT_PROJECT_VERSION = 1;
				DEVELOPMENT_TEAM = 37AKZN7WU7;
				GENERATE_INFOPLIST_FILE = YES;
				INFOPLIST_FILE = AltSideWidget/Info.plist;
				INFOPLIST_KEY_CFBundleDisplayName = AltSideWidget;
				INFOPLIST_KEY_NSHumanReadableCopyright = "";
				LD_RUNPATH_SEARCH_PATHS = (
					"$(inherited)",
					"@executable_path/Frameworks",
					"@executable_path/../../Frameworks",
				);
				MARKETING_VERSION = 1.0;
				PRODUCT_BUNDLE_IDENTIFIER = LaidOffDad.AltSide.AltSideWidget;
				PRODUCT_NAME = "$(TARGET_NAME)";
				PROVISIONING_PROFILE_SPECIFIER = "";
				SKIP_INSTALL = YES;
				STRING_CATALOG_GENERATE_SYMBOLS = YES;
				SWIFT_APPROACHABLE_CONCURRENCY = YES;
				SWIFT_EMIT_LOC_STRINGS = YES;
				SWIFT_UPCOMING_FEATURE_MEMBER_IMPORT_VISIBILITY = YES;
				SWIFT_VERSION = 5.0;
				TARGETED_DEVICE_FAMILY = 1;
			};
			name = Release;
		};
		A6625AB32F7AC23C0027C505 /* Debug */ = {
			isa = XCBuildConfiguration;
			buildSettings = {
				ALWAYS_SEARCH_USER_PATHS = NO;
				ASSETCATALOG_COMPILER_GENERATE_SWIFT_ASSET_SYMBOL_EXTENSIONS = YES;
				CLANG_ANALYZER_NONNULL = YES;
				CLANG_ANALYZER_NUMBER_OBJECT_CONVERSION = YES_AGGRESSIVE;
				CLANG_CXX_LANGUAGE_STANDARD = "gnu++20";
				CLANG_ENABLE_MODULES = YES;
				CLANG_ENABLE_OBJC_ARC = YES;
				CLANG_ENABLE_OBJC_WEAK = YES;
				CLANG_WARN_BLOCK_CAPTURE_AUTORELEASING = YES;
				CLANG_WARN_BOOL_CONVERSION = YES;
				CLANG_WARN_COMMA = YES;
				CLANG_WARN_CONSTANT_CONVERSION = YES;
				CLANG_WARN_DEPRECATED_OBJC_IMPLEMENTATIONS = YES;
				CLANG_WARN_DIRECT_OBJC_ISA_USAGE = YES_ERROR;
				CLANG_WARN_DOCUMENTATION_COMMENTS = YES;
				CLANG_WARN_EMPTY_BODY = YES;
				CLANG_WARN_ENUM_CONVERSION = YES;
				CLANG_WARN_INFINITE_RECURSION = YES;
				CLANG_WARN_INT_CONVERSION = YES;
				CLANG_WARN_NON_LITERAL_NULL_CONVERSION = YES;
				CLANG_WARN_OBJC_IMPLICIT_RETAIN_SELF = YES;
				CLANG_WARN_OBJC_LITERAL_CONVERSION = YES;
				CLANG_WARN_OBJC_ROOT_CLASS = YES_ERROR;
				CLANG_WARN_QUOTED_INCLUDE_IN_FRAMEWORK_HEADER = YES;
				CLANG_WARN_RANGE_LOOP_ANALYSIS = YES;
				CLANG_WARN_STRICT_PROTOTYPES = YES;
				CLANG_WARN_SUSPICIOUS_MOVE = YES;
				CLANG_WARN_UNGUARDED_AVAILABILITY = YES_AGGRESSIVE;
				CLANG_WARN_UNREACHABLE_CODE = YES;
				CLANG_WARN__DUPLICATE_METHOD_MATCH = YES;
				COPY_PHASE_STRIP = NO;
				CURRENT_PROJECT_VERSION = 1;
				DEBUG_INFORMATION_FORMAT = dwarf;
				ENABLE_STRICT_OBJC_MSGSEND = YES;
				ENABLE_TESTABILITY = YES;
				ENABLE_USER_SCRIPT_SANDBOXING = YES;
				GCC_C_LANGUAGE_STANDARD = gnu17;
				GCC_DYNAMIC_NO_PIC = NO;
				GCC_NO_COMMON_BLOCKS = YES;
				GCC_OPTIMIZATION_LEVEL = 0;
				GCC_PREPROCESSOR_DEFINITIONS = (
					"DEBUG=1",
					"$(inherited)",
				);
				GCC_WARN_64_TO_32_BIT_CONVERSION = YES;
				GCC_WARN_ABOUT_RETURN_TYPE = YES_ERROR;
				GCC_WARN_UNDECLARED_SELECTOR = YES;
				GCC_WARN_UNINITIALIZED_AUTOS = YES_AGGRESSIVE;
				GCC_WARN_UNUSED_FUNCTION = YES;
				GCC_WARN_UNUSED_VARIABLE = YES;
				IPHONEOS_DEPLOYMENT_TARGET = 17.0;
				LOCALIZATION_PREFERS_STRING_CATALOGS = YES;
				MTL_ENABLE_DEBUG_INFO = INCLUDE_SOURCE;
				MTL_FAST_MATH = YES;
				ONLY_ACTIVE_ARCH = YES;
				SDKROOT = iphoneos;
				SWIFT_ACTIVE_COMPILATION_CONDITIONS = "DEBUG $(inherited)";
				SWIFT_OPTIMIZATION_LEVEL = "-Onone";
				VERSIONING_SYSTEM = "apple-generic";
				VERSION_INFO_PREFIX = "";
			};
			name = Debug;
		};
		A6625AB42F7AC23C0027C505 /* Release */ = {
			isa = XCBuildConfiguration;
			buildSettings = {
				ALWAYS_SEARCH_USER_PATHS = NO;
				ASSETCATALOG_COMPILER_GENERATE_SWIFT_ASSET_SYMBOL_EXTENSIONS = YES;
				CLANG_ANALYZER_NONNULL = YES;
				CLANG_ANALYZER_NUMBER_OBJECT_CONVERSION = YES_AGGRESSIVE;
				CLANG_CXX_LANGUAGE_STANDARD = "gnu++20";
				CLANG_ENABLE_MODULES = YES;
				CLANG_ENABLE_OBJC_ARC = YES;
				CLANG_ENABLE_OBJC_WEAK = YES;
				CLANG_WARN_BLOCK_CAPTURE_AUTORELEASING = YES;
				CLANG_WARN_BOOL_CONVERSION = YES;
				CLANG_WARN_COMMA = YES;
				CLANG_WARN_CONSTANT_CONVERSION = YES;
				CLANG_WARN_DEPRECATED_OBJC_IMPLEMENTATIONS = YES;
				CLANG_WARN_DIRECT_OBJC_ISA_USAGE = YES_ERROR;
				CLANG_WARN_DOCUMENTATION_COMMENTS = YES;
				CLANG_WARN_EMPTY_BODY = YES;
				CLANG_WARN_ENUM_CONVERSION = YES;
				CLANG_WARN_INFINITE_RECURSION = YES;
				CLANG_WARN_INT_CONVERSION = YES;
				CLANG_WARN_NON_LITERAL_NULL_CONVERSION = YES;
				CLANG_WARN_OBJC_IMPLICIT_RETAIN_SELF = YES;
				CLANG_WARN_OBJC_LITERAL_CONVERSION = YES;
				CLANG_WARN_OBJC_ROOT_CLASS = YES_ERROR;
				CLANG_WARN_QUOTED_INCLUDE_IN_FRAMEWORK_HEADER = YES;
				CLANG_WARN_RANGE_LOOP_ANALYSIS = YES;
				CLANG_WARN_STRICT_PROTOTYPES = YES;
				CLANG_WARN_SUSPICIOUS_MOVE = YES;
				CLANG_WARN_UNGUARDED_AVAILABILITY = YES_AGGRESSIVE;
				CLANG_WARN_UNREACHABLE_CODE = YES;
				CLANG_WARN__DUPLICATE_METHOD_MATCH = YES;
				COPY_PHASE_STRIP = NO;
				CURRENT_PROJECT_VERSION = 1;
				DEBUG_INFORMATION_FORMAT = "dwarf-with-dsym";
				ENABLE_NS_ASSERTIONS = NO;
				ENABLE_STRICT_OBJC_MSGSEND = YES;
				ENABLE_USER_SCRIPT_SANDBOXING = YES;
				GCC_C_LANGUAGE_STANDARD = gnu17;
				GCC_NO_COMMON_BLOCKS = YES;
				GCC_WARN_64_TO_32_BIT_CONVERSION = YES;
				GCC_WARN_ABOUT_RETURN_TYPE = YES_ERROR;
				GCC_WARN_UNDECLARED_SELECTOR = YES;
				GCC_WARN_UNINITIALIZED_AUTOS = YES_AGGRESSIVE;
				GCC_WARN_UNUSED_FUNCTION = YES;
				GCC_WARN_UNUSED_VARIABLE = YES;
				IPHONEOS_DEPLOYMENT_TARGET = 17.0;
				LOCALIZATION_PREFERS_STRING_CATALOGS = YES;
				MTL_ENABLE_DEBUG_INFO = NO;
				MTL_FAST_MATH = YES;
				SDKROOT = iphoneos;
				SWIFT_COMPILATION_MODE = wholemodule;
				VALIDATE_PRODUCT = YES;
				VERSIONING_SYSTEM = "apple-generic";
				VERSION_INFO_PREFIX = "";
			};
			name = Release;
		};
		A6625AB62F7AC23C0027C505 /* Debug */ = {
			isa = XCBuildConfiguration;
			buildSettings = {
				ASSETCATALOG_COMPILER_APPICON_NAME = AppIcon;
				CODE_SIGN_ENTITLEMENTS = AltSide/AltSide.entitlements;
				CODE_SIGN_IDENTITY = "Apple Development";
				CODE_SIGN_STYLE = Automatic;
				CURRENT_PROJECT_VERSION = 1;
				DEVELOPMENT_TEAM = 37AKZN7WU7;
				GENERATE_INFOPLIST_FILE = YES;
				INFOPLIST_KEY_NSBluetoothAlwaysUsageDescription = "AltSide detects when you disconnect from your car's Bluetooth to automatically prompt you to save your parking spot.";
				INFOPLIST_KEY_NSLocationAlwaysAndWhenInUseUsageDescription = "AltSide uses your location to detect when you park and show nearby street cleaning schedules.";
				INFOPLIST_KEY_NSLocationAlwaysUsageDescription = "AltSide uses your location in the background to detect when you have parked.";
				INFOPLIST_KEY_NSLocationWhenInUseUsageDescription = "AltSide needs your location to find nearby street cleaning schedules.";
				INFOPLIST_KEY_NSMotionUsageDescription = "AltSide uses motion data to detect when your car has stopped moving.";
				INFOPLIST_KEY_NSSupportsLiveActivities = YES;
				INFOPLIST_KEY_UIApplicationSceneManifest_Generation = YES;
				INFOPLIST_KEY_UIApplicationSupportsIndirectInputEvents = YES;
				INFOPLIST_KEY_UILaunchScreen_Generation = YES;
				INFOPLIST_KEY_UISupportedInterfaceOrientations_iPhone = UIInterfaceOrientationPortrait;
				LD_RUNPATH_SEARCH_PATHS = (
					"$(inherited)",
					"@executable_path/Frameworks",
				);
				MARKETING_VERSION = 1.0;
				PRODUCT_BUNDLE_IDENTIFIER = LaidOffDad.AltSide;
				PRODUCT_NAME = "$(TARGET_NAME)";
				PROVISIONING_PROFILE_SPECIFIER = "";
				STRING_CATALOG_GENERATE_SYMBOLS = YES;
				SWIFT_APPROACHABLE_CONCURRENCY = YES;
				SWIFT_EMIT_LOC_STRINGS = YES;
				SWIFT_UPCOMING_FEATURE_MEMBER_IMPORT_VISIBILITY = YES;
				SWIFT_VERSION = 5.0;
				TARGETED_DEVICE_FAMILY = 1;
			};
			name = Debug;
		};
		A6625AB72F7AC23C0027C505 /* Release */ = {
			isa = XCBuildConfiguration;
			buildSettings = {
				ASSETCATALOG_COMPILER_APPICON_NAME = AppIcon;
				CODE_SIGN_ENTITLEMENTS = AltSide/AltSide.entitlements;
				CODE_SIGN_IDENTITY = "Apple Development";
				CODE_SIGN_STYLE = Automatic;
				CURRENT_PROJECT_VERSION = 1;
				DEVELOPMENT_TEAM = 37AKZN7WU7;
				GENERATE_INFOPLIST_FILE = YES;
				INFOPLIST_KEY_NSBluetoothAlwaysUsageDescription = "AltSide detects when you disconnect from your car's Bluetooth to automatically prompt you to save your parking spot.";
				INFOPLIST_KEY_NSLocationAlwaysAndWhenInUseUsageDescription = "AltSide uses your location to detect when you park and show nearby street cleaning schedules.";
				INFOPLIST_KEY_NSLocationAlwaysUsageDescription = "AltSide uses your location in the background to detect when you have parked.";
				INFOPLIST_KEY_NSLocationWhenInUseUsageDescription = "AltSide needs your location to find nearby street cleaning schedules.";
				INFOPLIST_KEY_NSMotionUsageDescription = "AltSide uses motion data to detect when your car has stopped moving.";
				INFOPLIST_KEY_NSSupportsLiveActivities = YES;
				INFOPLIST_KEY_UIApplicationSceneManifest_Generation = YES;
				INFOPLIST_KEY_UIApplicationSupportsIndirectInputEvents = YES;
				INFOPLIST_KEY_UILaunchScreen_Generation = YES;
				INFOPLIST_KEY_UISupportedInterfaceOrientations_iPhone = UIInterfaceOrientationPortrait;
				LD_RUNPATH_SEARCH_PATHS = (
					"$(inherited)",
					"@executable_path/Frameworks",
				);
				MARKETING_VERSION = 1.0;
				PRODUCT_BUNDLE_IDENTIFIER = LaidOffDad.AltSide;
				PRODUCT_NAME = "$(TARGET_NAME)";
				PROVISIONING_PROFILE_SPECIFIER = "";
				STRING_CATALOG_GENERATE_SYMBOLS = YES;
				SWIFT_APPROACHABLE_CONCURRENCY = YES;
				SWIFT_EMIT_LOC_STRINGS = YES;
				SWIFT_UPCOMING_FEATURE_MEMBER_IMPORT_VISIBILITY = YES;
				SWIFT_VERSION = 5.0;
				TARGETED_DEVICE_FAMILY = 1;
			};
			name = Release;
		};
/* End XCBuildConfiguration section */

/* Begin XCConfigurationList section */
		A62177972F86F3F000E6D75A /* Build configuration list for PBXNativeTarget "AltSideWidgetExtension" */ = {
			isa = XCConfigurationList;
			buildConfigurations = (
				A62177982F86F3F000E6D75A /* Debug */,
				A62177992F86F3F000E6D75A /* Release */,
			);
			defaultConfigurationIsVisible = 0;
			defaultConfigurationName = Release;
		};
		A6625A9B2F7AC23C0027C505 /* Build configuration list for PBXProject "AltSide" */ = {
			isa = XCConfigurationList;
			buildConfigurations = (
				A6625AB32F7AC23C0027C505 /* Debug */,
				A6625AB42F7AC23C0027C505 /* Release */,
			);
			defaultConfigurationIsVisible = 0;
			defaultConfigurationName = Release;
		};
		A6625AB52F7AC23C0027C505 /* Build configuration list for PBXNativeTarget "AltSide" */ = {
			isa = XCConfigurationList;
			buildConfigurations = (
				A6625AB62F7AC23C0027C505 /* Debug */,
				A6625AB72F7AC23C0027C505 /* Release */,
			);
			defaultConfigurationIsVisible = 0;
			defaultConfigurationName = Release;
		};
/* End XCConfigurationList section */
	};
	rootObject = A6625A982F7AC23C0027C505 /* Project object */;
}
